
Microsoft Visual Studio Solution File, Format Version 12.00
# Visual Studio Version 16
VisualStudioVersion = 16.0.31129.286
MinimumVisualStudioVersion = 10.0.40219.1
Project("{9A19103F-16F7-4668-BE54-9A1E7A4F7556}") = "Fun.Core", "Fun.Core\Fun.Core.csproj", "{430A952C-03C4-469F-A257-A7FD7005B443}"
EndProject
Project("{9A19103F-16F7-4668-BE54-9A1E7A4F7556}") = "WebApplication1", "WebApplication1\WebApplication1.csproj", "{DB7DB139-2EDC-4E3E-A60E-D42EDA8FFD00}"
EndProject
Project("{9A19103F-16F7-4668-BE54-9A1E7A4F7556}") = "Fun.AspNetCore", "Fun.AspNetCore\Fun.AspNetCore.csproj", "{11E76B1D-34A3-41DC-98CD-F9A044EA74D2}"
EndProject
Project("{9A19103F-16F7-4668-BE54-9A1E7A4F7556}") = "EventHubCosmos", "ConsoleApp1\EventHubCosmos.csproj", "{2B743D28-E0C9-465E-B0C7-6B9553711133}"
EndProject
Project("{9A19103F-16F7-4668-BE54-9A1E7A4F7556}") = "EventGenerator", "EventGenerator\EventGenerator.csproj", "{99556D5D-2108-48BF-8B3C-BA18A4D24100}"
EndProject
Project("{FAE04EC0-301F-11D3-BF4B-00C04F79EFBC}") = "CosmosChangeFeedTrigger", "CosmosChangeFeedTrigger\CosmosChangeFeedTrigger.csproj", "{8DF0DEA1-EFA9-4A4F-82C1-FFFD841028BB}"
EndProject
Global
	GlobalSection(SolutionConfigurationPlatforms) = preSolution
		Debug|Any CPU = Debug|Any CPU
		Release|Any CPU = Release|Any CPU
	EndGlobalSection
	GlobalSection(ProjectConfigurationPlatforms) = postSolution
		{430A952C-03C4-469F-A257-A7FD7005B443}.Debug|Any CPU.ActiveCfg = Debug|Any CPU
		{430A952C-03C4-469F-A257-A7FD7005B443}.Debug|Any CPU.Build.0 = Debug|Any CPU
		{430A952C-03C4-469F-A257-A7FD7005B443}.Release|Any CPU.ActiveCfg = Release|Any CPU
		{430A952C-03C4-469F-A257-A7FD7005B443}.Release|Any CPU.Build.0 = Release|Any CPU
		{DB7DB139-2EDC-4E3E-A60E-D42EDA8FFD00}.Debug|Any CPU.ActiveCfg = Debug|Any CPU
		{DB7DB139-2EDC-4E3E-A60E-D42EDA8FFD00}.Debug|Any CPU.Build.0 = Debug|Any CPU
		{DB7DB139-2EDC-4E3E-A60E-D42EDA8FFD00}.Release|Any CPU.ActiveCfg = Release|Any CPU
		{DB7DB139-2EDC-4E3E-A60E-D42EDA8FFD00}.Release|Any CPU.Build.0 = Release|Any CPU
		{11E76B1D-34A3-41DC-98CD-F9A044EA74D2}.Debug|Any CPU.ActiveCfg = Debug|Any CPU
		{11E76B1D-34A3-41DC-98CD-F9A044EA74D2}.Debug|Any CPU.Build.0 = Debug|Any CPU
		{11E76B1D-34A3-41DC-98CD-F9A044EA74D2}.Release|Any CPU.ActiveCfg = Release|Any CPU
		{11E76B1D-34A3-41DC-98CD-F9A044EA74D2}.Release|Any CPU.Build.0 = Release|Any CPU
		{2B743D28-E0C9-465E-B0C7-6B9553711133}.Debug|Any CPU.ActiveCfg = Debug|Any CPU
		{2B743D28-E0C9-465E-B0C7-6B9553711133}.Debug|Any CPU.Build.0 = Debug|Any CPU
		{2B743D28-E0C9-465E-B0C7-6B9553711133}.Release|Any CPU.ActiveCfg = Release|Any CPU
		{2B743D28-E0C9-465E-B0C7-6B9553711133}.Release|Any CPU.Build.0 = Release|Any CPU
		{99556D5D-2108-48BF-8B3C-BA18A4D24100}.Debug|Any CPU.ActiveCfg = Debug|Any CPU
		{99556D5D-2108-48BF-8B3C-BA18A4D24100}.Debug|Any CPU.Build.0 = Debug|Any CPU
		{99556D5D-2108-48BF-8B3C-BA18A4D24100}.Release|Any CPU.ActiveCfg = Release|Any CPU
		{99556D5D-2108-48BF-8B3C-BA18A4D24100}.Release|Any CPU.Build.0 = Release|Any CPU
		{8DF0DEA1-EFA9-4A4F-82C1-FFFD841028BB}.Debug|Any CPU.ActiveCfg = Debug|Any CPU
		{8DF0DEA1-EFA9-4A4F-82C1-FFFD841028BB}.Debug|Any CPU.Build.0 = Debug|Any CPU
		{8DF0DEA1-EFA9-4A4F-82C1-FFFD841028BB}.Release|Any CPU.ActiveCfg = Release|Any CPU
		{8DF0DEA1-EFA9-4A4F-82C1-FFFD841028BB}.Release|Any CPU.Build.0 = Release|Any CPU
	EndGlobalSection
	GlobalSection(SolutionProperties) = preSolution
		HideSolutionNode = FALSE
	EndGlobalSection
	GlobalSection(ExtensibilityGlobals) = postSolution
		SolutionGuid = {E352C37E-5954-4E4F-A5A3-A858AE0A14E2}
	EndGlobalSection
EndGlobal
